# Generated by pub
# See https://dart.dev/tools/pub/glossary#lockfile
packages:
  app_package_parser:
    dependency: "direct main"
    description:
      name: app_package_parser
      url: "https://pub.dartlang.org"
    source: hosted
    version: "0.0.3"
  collection:
    dependency: transitive
    description:
      name: collection
      url: "https://pub.dartlang.org"
    source: hosted
    version: "1.15.0"
  meta:
    dependency: transitive
    description:
      name: meta
      url: "https://pub.dartlang.org"
    source: hosted
    version: "1.7.0"
  petitparser:
    dependency: transitive
    description:
      name: petitparser
      url: "https://pub.dartlang.org"
    source: hosted
    version: "4.4.0"
  xml:
    dependency: "direct main"
    description:
      name: xml
      url: "https://pub.dartlang.org"
    source: hosted
    version: "5.3.1"
sdks:
  dart: ">=2.14.0 <3.0.0"
