# Generated by pub
# See https://dart.dev/tools/pub/glossary#lockfile
packages:
  app_package_maker:
    dependency: "direct main"
    description:
      path: "../app_package_maker"
      relative: true
    source: path
    version: "0.1.0"
  app_package_maker_aab:
    dependency: "direct overridden"
    description:
      path: "../app_package_maker_aab"
      relative: true
    source: path
    version: "0.1.0"
  app_package_maker_apk:
    dependency: "direct overridden"
    description:
      path: "../app_package_maker_apk"
      relative: true
    source: path
    version: "0.1.0"
  app_package_maker_deb:
    dependency: "direct overridden"
    description:
      path: "../app_package_maker_deb"
      relative: true
    source: path
    version: "0.1.0"
  app_package_maker_dmg:
    dependency: "direct overridden"
    description:
      path: "../app_package_maker_dmg"
      relative: true
    source: path
    version: "0.1.0"
  app_package_maker_exe:
    dependency: "direct overridden"
    description:
      path: "../app_package_maker_exe"
      relative: true
    source: path
    version: "0.1.0"
  app_package_maker_ipa:
    dependency: "direct overridden"
    description:
      path: "../app_package_maker_ipa"
      relative: true
    source: path
    version: "0.1.0"
  app_package_maker_zip:
    dependency: "direct overridden"
    description:
      path: "../app_package_maker_zip"
      relative: true
    source: path
    version: "0.1.0"
  app_package_parser:
    dependency: "direct overridden"
    description:
      path: "../app_package_parser"
      relative: true
    source: path
    version: "0.1.0"
  app_package_parser_apk:
    dependency: "direct overridden"
    description:
      path: "../app_package_parser_apk"
      relative: true
    source: path
    version: "0.1.0"
  app_package_parser_ipa:
    dependency: "direct overridden"
    description:
      path: "../app_package_parser_ipa"
      relative: true
    source: path
    version: "0.1.0"
  app_package_publisher:
    dependency: "direct main"
    description:
      path: "../app_package_publisher"
      relative: true
    source: path
    version: "0.1.0"
  app_package_publisher_fir:
    dependency: "direct overridden"
    description:
      path: "../app_package_publisher_fir"
      relative: true
    source: path
    version: "0.1.0"
  app_package_publisher_pgyer:
    dependency: "direct overridden"
    description:
      path: "../app_package_publisher_pgyer"
      relative: true
    source: path
    version: "0.1.0"
  archive:
    dependency: transitive
    description:
      name: archive
      url: "https://pub.dartlang.org"
    source: hosted
    version: "3.1.6"
  args:
    dependency: "direct main"
    description:
      name: args
      url: "https://pub.dartlang.org"
    source: hosted
    version: "2.3.0"
  charcode:
    dependency: transitive
    description:
      name: charcode
      url: "https://pub.dartlang.org"
    source: hosted
    version: "1.3.1"
  checked_yaml:
    dependency: transitive
    description:
      name: checked_yaml
      url: "https://pub.dartlang.org"
    source: hosted
    version: "2.0.1"
  collection:
    dependency: transitive
    description:
      name: collection
      url: "https://pub.dartlang.org"
    source: hosted
    version: "1.15.0"
  colorize:
    dependency: "direct main"
    description:
      name: colorize
      url: "https://pub.dartlang.org"
    source: hosted
    version: "3.0.0"
  console_bars:
    dependency: "direct main"
    description:
      name: console_bars
      url: "https://pub.dartlang.org"
    source: hosted
    version: "1.0.3"
  crypto:
    dependency: transitive
    description:
      name: crypto
      url: "https://pub.dartlang.org"
    source: hosted
    version: "3.0.1"
  dio:
    dependency: "direct main"
    description:
      name: dio
      url: "https://pub.dartlang.org"
    source: hosted
    version: "4.0.4"
  flutter_app_builder:
    dependency: "direct main"
    description:
      path: "../flutter_app_builder"
      relative: true
    source: path
    version: "0.1.0"
  flutter_app_packager:
    dependency: "direct main"
    description:
      path: "../flutter_app_packager"
      relative: true
    source: path
    version: "0.1.0"
  flutter_app_publisher:
    dependency: "direct main"
    description:
      path: "../flutter_app_publisher"
      relative: true
    source: path
    version: "0.1.0"
  http_parser:
    dependency: transitive
    description:
      name: http_parser
      url: "https://pub.dartlang.org"
    source: hosted
    version: "4.0.0"
  json_annotation:
    dependency: transitive
    description:
      name: json_annotation
      url: "https://pub.dartlang.org"
    source: hosted
    version: "4.4.0"
  logging:
    dependency: "direct main"
    description:
      name: logging
      url: "https://pub.dartlang.org"
    source: hosted
    version: "1.0.2"
  meta:
    dependency: transitive
    description:
      name: meta
      url: "https://pub.dartlang.org"
    source: hosted
    version: "1.7.0"
  parse_app_package:
    dependency: "direct overridden"
    description:
      path: "../parse_app_package"
      relative: true
    source: path
    version: "0.1.0"
  path:
    dependency: "direct main"
    description:
      name: path
      url: "https://pub.dartlang.org"
    source: hosted
    version: "1.8.1"
  petitparser:
    dependency: transitive
    description:
      name: petitparser
      url: "https://pub.dartlang.org"
    source: hosted
    version: "4.4.0"
  pub_semver:
    dependency: "direct main"
    description:
      name: pub_semver
      url: "https://pub.dartlang.org"
    source: hosted
    version: "2.1.0"
  pubspec_parse:
    dependency: "direct main"
    description:
      name: pubspec_parse
      url: "https://pub.dartlang.org"
    source: hosted
    version: "1.2.0"
  source_span:
    dependency: transitive
    description:
      name: source_span
      url: "https://pub.dartlang.org"
    source: hosted
    version: "1.8.1"
  string_scanner:
    dependency: transitive
    description:
      name: string_scanner
      url: "https://pub.dartlang.org"
    source: hosted
    version: "1.1.0"
  term_glyph:
    dependency: transitive
    description:
      name: term_glyph
      url: "https://pub.dartlang.org"
    source: hosted
    version: "1.2.0"
  typed_data:
    dependency: transitive
    description:
      name: typed_data
      url: "https://pub.dartlang.org"
    source: hosted
    version: "1.3.0"
  xml:
    dependency: transitive
    description:
      name: xml
      url: "https://pub.dartlang.org"
    source: hosted
    version: "5.3.1"
  yaml:
    dependency: "direct main"
    description:
      name: yaml
      url: "https://pub.dartlang.org"
    source: hosted
    version: "3.1.0"
sdks:
  dart: ">=2.14.4 <3.0.0"
