# Generated by pub
# See https://dart.dev/tools/pub/glossary#lockfile
packages:
  app_package_maker:
    dependency: "direct main"
    description:
      name: app_package_maker
      url: "https://pub.dartlang.org"
    source: hosted
    version: "0.1.3"
  app_package_maker_aab:
    dependency: transitive
    description:
      name: app_package_maker_aab
      url: "https://pub.dartlang.org"
    source: hosted
    version: "0.1.8"
  app_package_maker_apk:
    dependency: transitive
    description:
      name: app_package_maker_apk
      url: "https://pub.dartlang.org"
    source: hosted
    version: "0.1.3"
  app_package_maker_deb:
    dependency: transitive
    description:
      name: app_package_maker_deb
      url: "https://pub.dartlang.org"
    source: hosted
    version: "0.1.3"
  app_package_maker_dmg:
    dependency: transitive
    description:
      name: app_package_maker_dmg
      url: "https://pub.dartlang.org"
    source: hosted
    version: "0.1.3"
  app_package_maker_exe:
    dependency: transitive
    description:
      name: app_package_maker_exe
      url: "https://pub.dartlang.org"
    source: hosted
    version: "0.1.6"
  app_package_maker_ipa:
    dependency: transitive
    description:
      name: app_package_maker_ipa
      url: "https://pub.dartlang.org"
    source: hosted
    version: "0.1.3"
  app_package_maker_zip:
    dependency: transitive
    description:
      name: app_package_maker_zip
      url: "https://pub.dartlang.org"
    source: hosted
    version: "0.1.3"
  app_package_parser:
    dependency: transitive
    description:
      name: app_package_parser
      url: "https://pub.dartlang.org"
    source: hosted
    version: "0.1.3"
  app_package_parser_apk:
    dependency: transitive
    description:
      name: app_package_parser_apk
      url: "https://pub.dartlang.org"
    source: hosted
    version: "0.1.3"
  app_package_parser_ipa:
    dependency: transitive
    description:
      name: app_package_parser_ipa
      url: "https://pub.dartlang.org"
    source: hosted
    version: "0.1.3"
  app_package_publisher:
    dependency: "direct main"
    description:
      name: app_package_publisher
      url: "https://pub.dartlang.org"
    source: hosted
    version: "0.1.5"
  app_package_publisher_appstore:
    dependency: transitive
    description:
      name: app_package_publisher_appstore
      url: "https://pub.dartlang.org"
    source: hosted
    version: "0.1.8"
  app_package_publisher_fir:
    dependency: transitive
    description:
      name: app_package_publisher_fir
      url: "https://pub.dartlang.org"
    source: hosted
    version: "0.1.5"
  app_package_publisher_firebase:
    dependency: transitive
    description:
      name: app_package_publisher_firebase
      url: "https://pub.dartlang.org"
    source: hosted
    version: "0.1.5"
  app_package_publisher_github:
    dependency: transitive
    description:
      name: app_package_publisher_github
      url: "https://pub.dartlang.org"
    source: hosted
    version: "0.1.6"
  app_package_publisher_pgyer:
    dependency: transitive
    description:
      name: app_package_publisher_pgyer
      url: "https://pub.dartlang.org"
    source: hosted
    version: "0.1.5"
  app_package_publisher_qiniu:
    dependency: transitive
    description:
      name: app_package_publisher_qiniu
      url: "https://pub.dartlang.org"
    source: hosted
    version: "0.1.5"
  archive:
    dependency: transitive
    description:
      name: archive
      url: "https://pub.dartlang.org"
    source: hosted
    version: "3.1.6"
  args:
    dependency: "direct main"
    description:
      name: args
      url: "https://pub.dartlang.org"
    source: hosted
    version: "2.3.0"
  charcode:
    dependency: transitive
    description:
      name: charcode
      url: "https://pub.dartlang.org"
    source: hosted
    version: "1.3.1"
  checked_yaml:
    dependency: transitive
    description:
      name: checked_yaml
      url: "https://pub.dartlang.org"
    source: hosted
    version: "2.0.1"
  collection:
    dependency: transitive
    description:
      name: collection
      url: "https://pub.dartlang.org"
    source: hosted
    version: "1.15.0"
  colorize:
    dependency: "direct main"
    description:
      name: colorize
      url: "https://pub.dartlang.org"
    source: hosted
    version: "3.0.0"
  crypto:
    dependency: transitive
    description:
      name: crypto
      url: "https://pub.dartlang.org"
    source: hosted
    version: "3.0.1"
  dio:
    dependency: "direct main"
    description:
      name: dio
      url: "https://pub.dartlang.org"
    source: hosted
    version: "4.0.4"
  flutter_app_builder:
    dependency: "direct main"
    description:
      name: flutter_app_builder
      url: "https://pub.dartlang.org"
    source: hosted
    version: "0.1.8"
  flutter_app_packager:
    dependency: "direct main"
    description:
      name: flutter_app_packager
      url: "https://pub.dartlang.org"
    source: hosted
    version: "0.1.8"
  flutter_app_publisher:
    dependency: "direct main"
    description:
      name: flutter_app_publisher
      url: "https://pub.dartlang.org"
    source: hosted
    version: "0.1.8"
  http_parser:
    dependency: transitive
    description:
      name: http_parser
      url: "https://pub.dartlang.org"
    source: hosted
    version: "4.0.0"
  io:
    dependency: transitive
    description:
      name: io
      url: "https://pub.dartlang.org"
    source: hosted
    version: "1.0.3"
  json_annotation:
    dependency: transitive
    description:
      name: json_annotation
      url: "https://pub.dartlang.org"
    source: hosted
    version: "4.4.0"
  logging:
    dependency: "direct main"
    description:
      name: logging
      url: "https://pub.dartlang.org"
    source: hosted
    version: "1.0.2"
  meta:
    dependency: transitive
    description:
      name: meta
      url: "https://pub.dartlang.org"
    source: hosted
    version: "1.7.0"
  parse_app_package:
    dependency: transitive
    description:
      name: parse_app_package
      url: "https://pub.dartlang.org"
    source: hosted
    version: "0.1.3"
  path:
    dependency: "direct main"
    description:
      name: path
      url: "https://pub.dartlang.org"
    source: hosted
    version: "1.8.1"
  petitparser:
    dependency: transitive
    description:
      name: petitparser
      url: "https://pub.dartlang.org"
    source: hosted
    version: "4.4.0"
  pub_semver:
    dependency: "direct main"
    description:
      name: pub_semver
      url: "https://pub.dartlang.org"
    source: hosted
    version: "2.1.0"
  pubspec_parse:
    dependency: "direct main"
    description:
      name: pubspec_parse
      url: "https://pub.dartlang.org"
    source: hosted
    version: "1.2.0"
  qiniu_sdk_base:
    dependency: transitive
    description:
      name: qiniu_sdk_base
      url: "https://pub.dartlang.org"
    source: hosted
    version: "0.3.2"
  source_span:
    dependency: transitive
    description:
      name: source_span
      url: "https://pub.dartlang.org"
    source: hosted
    version: "1.8.1"
  string_scanner:
    dependency: transitive
    description:
      name: string_scanner
      url: "https://pub.dartlang.org"
    source: hosted
    version: "1.1.0"
  term_glyph:
    dependency: transitive
    description:
      name: term_glyph
      url: "https://pub.dartlang.org"
    source: hosted
    version: "1.2.0"
  typed_data:
    dependency: transitive
    description:
      name: typed_data
      url: "https://pub.dartlang.org"
    source: hosted
    version: "1.3.0"
  xml:
    dependency: transitive
    description:
      name: xml
      url: "https://pub.dartlang.org"
    source: hosted
    version: "5.3.1"
  yaml:
    dependency: "direct main"
    description:
      name: yaml
      url: "https://pub.dartlang.org"
    source: hosted
    version: "3.1.0"
sdks:
  dart: ">=2.14.0 <3.0.0"
