PODS:
  - Flutter (1.0.0)
  - package_info_plus (0.4.5):
    - Flutter

DEPENDENCIES:
  - Flutter (from `Flutter`)
  - package_info_plus (from `.symlinks/plugins/package_info_plus/ios`)

EXTERNAL SOURCES:
  Flutter:
    :path: Flutter
  package_info_plus:
    :path: ".symlinks/plugins/package_info_plus/ios"

SPEC CHECKSUMS:
  Flutter: f04841e97a9d0b0a8025694d0796dd46242b2854
  package_info_plus: 6c92f08e1f853dc01228d6f553146438dafcd14e

PODFILE CHECKSUM: ab3a067f90124ffbe19de8e806009e92f258e11e

COCOAPODS: 1.11.3
