# Generated by pub
# See https://dart.dev/tools/pub/glossary#lockfile
packages:
  app_package_maker:
    dependency: "direct main"
    description:
      name: app_package_maker
      url: "https://pub.dartlang.org"
    source: hosted
    version: "0.0.9"
  app_package_maker_aab:
    dependency: "direct main"
    description:
      name: app_package_maker_aab
      url: "https://pub.dartlang.org"
    source: hosted
    version: "0.0.9"
  app_package_maker_apk:
    dependency: "direct main"
    description:
      name: app_package_maker_apk
      url: "https://pub.dartlang.org"
    source: hosted
    version: "0.0.9"
  app_package_maker_deb:
    dependency: "direct main"
    description:
      name: app_package_maker_deb
      url: "https://pub.dartlang.org"
    source: hosted
    version: "0.0.9"
  app_package_maker_dmg:
    dependency: "direct main"
    description:
      name: app_package_maker_dmg
      url: "https://pub.dartlang.org"
    source: hosted
    version: "0.0.9"
  app_package_maker_exe:
    dependency: "direct main"
    description:
      name: app_package_maker_exe
      url: "https://pub.dartlang.org"
    source: hosted
    version: "0.0.9"
  app_package_maker_ipa:
    dependency: "direct main"
    description:
      name: app_package_maker_ipa
      url: "https://pub.dartlang.org"
    source: hosted
    version: "0.0.9"
  app_package_maker_zip:
    dependency: "direct main"
    description:
      name: app_package_maker_zip
      url: "https://pub.dartlang.org"
    source: hosted
    version: "0.0.9"
  archive:
    dependency: transitive
    description:
      name: archive
      url: "https://pub.dartlang.org"
    source: hosted
    version: "3.1.6"
  args:
    dependency: "direct main"
    description:
      name: args
      url: "https://pub.dartlang.org"
    source: hosted
    version: "2.3.0"
  charcode:
    dependency: transitive
    description:
      name: charcode
      url: "https://pub.dartlang.org"
    source: hosted
    version: "1.3.1"
  checked_yaml:
    dependency: transitive
    description:
      name: checked_yaml
      url: "https://pub.dartlang.org"
    source: hosted
    version: "2.0.1"
  collection:
    dependency: transitive
    description:
      name: collection
      url: "https://pub.dartlang.org"
    source: hosted
    version: "1.15.0"
  crypto:
    dependency: transitive
    description:
      name: crypto
      url: "https://pub.dartlang.org"
    source: hosted
    version: "3.0.1"
  json_annotation:
    dependency: transitive
    description:
      name: json_annotation
      url: "https://pub.dartlang.org"
    source: hosted
    version: "4.4.0"
  meta:
    dependency: transitive
    description:
      name: meta
      url: "https://pub.dartlang.org"
    source: hosted
    version: "1.7.0"
  path:
    dependency: transitive
    description:
      name: path
      url: "https://pub.dartlang.org"
    source: hosted
    version: "1.8.0"
  pub_semver:
    dependency: transitive
    description:
      name: pub_semver
      url: "https://pub.dartlang.org"
    source: hosted
    version: "2.1.0"
  pubspec_parse:
    dependency: transitive
    description:
      name: pubspec_parse
      url: "https://pub.dartlang.org"
    source: hosted
    version: "1.2.0"
  source_span:
    dependency: transitive
    description:
      name: source_span
      url: "https://pub.dartlang.org"
    source: hosted
    version: "1.8.1"
  string_scanner:
    dependency: transitive
    description:
      name: string_scanner
      url: "https://pub.dartlang.org"
    source: hosted
    version: "1.1.0"
  term_glyph:
    dependency: transitive
    description:
      name: term_glyph
      url: "https://pub.dartlang.org"
    source: hosted
    version: "1.2.0"
  typed_data:
    dependency: transitive
    description:
      name: typed_data
      url: "https://pub.dartlang.org"
    source: hosted
    version: "1.3.0"
  yaml:
    dependency: "direct main"
    description:
      name: yaml
      url: "https://pub.dartlang.org"
    source: hosted
    version: "3.1.0"
sdks:
  dart: ">=2.14.0 <3.0.0"
